
Microsoft Visual Studio Solution File, Format Version 11.00
# Visual Studio 2010
Project("{FAE04EC0-301F-11D3-BF4B-00C04F79EFBC}") = "DatabaseViewer", "DatabaseViewer\DatabaseViewer.csproj", "{BC596F66-9E5B-400E-A095-2E8C18E55767}"
EndProject
Global
	GlobalSection(SolutionConfigurationPlatforms) = preSolution
		Debug|x86 = Debug|x86
		Release|x86 = Release|x86
	EndGlobalSection
	GlobalSection(ProjectConfigurationPlatforms) = postSolution
		{BC596F66-9E5B-400E-A095-2E8C18E55767}.Debug|x86.ActiveCfg = Debug|x86
		{BC596F66-9E5B-400E-A095-2E8C18E55767}.Debug|x86.Build.0 = Debug|x86
		{BC596F66-9E5B-400E-A095-2E8C18E55767}.Release|x86.ActiveCfg = Release|x86
		{BC596F66-9E5B-400E-A095-2E8C18E55767}.Release|x86.Build.0 = Release|x86
	EndGlobalSection
	GlobalSection(SolutionProperties) = preSolution
		HideSolutionNode = FALSE
	EndGlobalSection
EndGlobal
