
Microsoft Visual Studio Solution File, Format Version 11.00
# Visual Studio 2010
Project("{FAE04EC0-301F-11D3-BF4B-00C04F79EFBC}") = "EWUScanner", "EWUScanner\EWUScanner.csproj", "{530EACDD-FAE1-4F32-9D45-7CE18CA97B23}"
EndProject
Project("{8BC9CEB8-8B4A-11D0-8D11-00A0C91BC942}") = "Scanner", "..\EngineScanner\SSNScannerDLL\SSNScannerDLL.vcxproj", "{BAEC0E64-1BC3-458D-BCF1-C1EF80536A90}"
EndProject
Global
	GlobalSection(SolutionConfigurationPlatforms) = preSolution
		Debug|Mixed Platforms = Debug|Mixed Platforms
		Debug|Win32 = Debug|Win32
		Debug|x86 = Debug|x86
		Release|Mixed Platforms = Release|Mixed Platforms
		Release|Win32 = Release|Win32
		Release|x86 = Release|x86
	EndGlobalSection
	GlobalSection(ProjectConfigurationPlatforms) = postSolution
		{530EACDD-FAE1-4F32-9D45-7CE18CA97B23}.Debug|Mixed Platforms.ActiveCfg = Debug|x86
		{530EACDD-FAE1-4F32-9D45-7CE18CA97B23}.Debug|Mixed Platforms.Build.0 = Debug|x86
		{530EACDD-FAE1-4F32-9D45-7CE18CA97B23}.Debug|Win32.ActiveCfg = Debug|x86
		{530EACDD-FAE1-4F32-9D45-7CE18CA97B23}.Debug|x86.ActiveCfg = Debug|x86
		{530EACDD-FAE1-4F32-9D45-7CE18CA97B23}.Debug|x86.Build.0 = Debug|x86
		{530EACDD-FAE1-4F32-9D45-7CE18CA97B23}.Release|Mixed Platforms.ActiveCfg = Release|x86
		{530EACDD-FAE1-4F32-9D45-7CE18CA97B23}.Release|Mixed Platforms.Build.0 = Release|x86
		{530EACDD-FAE1-4F32-9D45-7CE18CA97B23}.Release|Win32.ActiveCfg = Release|x86
		{530EACDD-FAE1-4F32-9D45-7CE18CA97B23}.Release|x86.ActiveCfg = Release|x86
		{530EACDD-FAE1-4F32-9D45-7CE18CA97B23}.Release|x86.Build.0 = Release|x86
		{BAEC0E64-1BC3-458D-BCF1-C1EF80536A90}.Debug|Mixed Platforms.ActiveCfg = Debug|Win32
		{BAEC0E64-1BC3-458D-BCF1-C1EF80536A90}.Debug|Mixed Platforms.Build.0 = Debug|Win32
		{BAEC0E64-1BC3-458D-BCF1-C1EF80536A90}.Debug|Win32.ActiveCfg = Debug|Win32
		{BAEC0E64-1BC3-458D-BCF1-C1EF80536A90}.Debug|Win32.Build.0 = Debug|Win32
		{BAEC0E64-1BC3-458D-BCF1-C1EF80536A90}.Debug|x86.ActiveCfg = Debug|Win32
		{BAEC0E64-1BC3-458D-BCF1-C1EF80536A90}.Release|Mixed Platforms.ActiveCfg = Release|Win32
		{BAEC0E64-1BC3-458D-BCF1-C1EF80536A90}.Release|Mixed Platforms.Build.0 = Release|Win32
		{BAEC0E64-1BC3-458D-BCF1-C1EF80536A90}.Release|Win32.ActiveCfg = Release|Win32
		{BAEC0E64-1BC3-458D-BCF1-C1EF80536A90}.Release|Win32.Build.0 = Release|Win32
		{BAEC0E64-1BC3-458D-BCF1-C1EF80536A90}.Release|x86.ActiveCfg = Release|Win32
	EndGlobalSection
	GlobalSection(SolutionProperties) = preSolution
		HideSolutionNode = FALSE
	EndGlobalSection
EndGlobal
