
Microsoft Visual Studio Solution File, Format Version 11.00
# Visual Studio 2010
Project("{FAE04EC0-301F-11D3-BF4B-00C04F79EFBC}") = "ExclusionPathTesting", "ExclusionPathTesting\ExclusionPathTesting.csproj", "{CF3086FB-553B-466F-8472-C34DA5383C67}"
EndProject
Global
	GlobalSection(SolutionConfigurationPlatforms) = preSolution
		Debug|x86 = Debug|x86
		Release|x86 = Release|x86
	EndGlobalSection
	GlobalSection(ProjectConfigurationPlatforms) = postSolution
		{CF3086FB-553B-466F-8472-C34DA5383C67}.Debug|x86.ActiveCfg = Debug|x86
		{CF3086FB-553B-466F-8472-C34DA5383C67}.Debug|x86.Build.0 = Debug|x86
		{CF3086FB-553B-466F-8472-C34DA5383C67}.Release|x86.ActiveCfg = Release|x86
		{CF3086FB-553B-466F-8472-C34DA5383C67}.Release|x86.Build.0 = Release|x86
	EndGlobalSection
	GlobalSection(SolutionProperties) = preSolution
		HideSolutionNode = FALSE
	EndGlobalSection
EndGlobal
