
Microsoft Visual Studio Solution File, Format Version 11.00
# Visual Studio 2010
Project("{FAE04EC0-301F-11D3-BF4B-00C04F79EFBC}") = "OfficeParser", "OfficeParser\OfficeParser.csproj", "{44416035-23D8-42FF-AD69-CADCA2721036}"
EndProject
Global
	GlobalSection(SolutionConfigurationPlatforms) = preSolution
		Debug|Any CPU = Debug|Any CPU
		Release|Any CPU = Release|Any CPU
	EndGlobalSection
	GlobalSection(ProjectConfigurationPlatforms) = postSolution
		{44416035-23D8-42FF-AD69-CADCA2721036}.Debug|Any CPU.ActiveCfg = Debug|Any CPU
		{44416035-23D8-42FF-AD69-CADCA2721036}.Debug|Any CPU.Build.0 = Debug|Any CPU
		{44416035-23D8-42FF-AD69-CADCA2721036}.Release|Any CPU.ActiveCfg = Release|Any CPU
		{44416035-23D8-42FF-AD69-CADCA2721036}.Release|Any CPU.Build.0 = Release|Any CPU
	EndGlobalSection
	GlobalSection(SolutionProperties) = preSolution
		HideSolutionNode = FALSE
	EndGlobalSection
EndGlobal
