
Microsoft Visual Studio Solution File, Format Version 11.00
# Visual Studio 2010
Project("{8BC9CEB8-8B4A-11D0-8D11-00A0C91BC942}") = "myTester", "myTester\myTester.vcxproj", "{10B45488-D121-4FCB-BC53-4C2E697BF753}"
EndProject
Global
	GlobalSection(SolutionConfigurationPlatforms) = preSolution
		Debug|Win32 = Debug|Win32
		Release|Win32 = Release|Win32
	EndGlobalSection
	GlobalSection(ProjectConfigurationPlatforms) = postSolution
		{10B45488-D121-4FCB-BC53-4C2E697BF753}.Debug|Win32.ActiveCfg = Debug|Win32
		{10B45488-D121-4FCB-BC53-4C2E697BF753}.Debug|Win32.Build.0 = Debug|Win32
		{10B45488-D121-4FCB-BC53-4C2E697BF753}.Release|Win32.ActiveCfg = Release|Win32
		{10B45488-D121-4FCB-BC53-4C2E697BF753}.Release|Win32.Build.0 = Release|Win32
	EndGlobalSection
	GlobalSection(SolutionProperties) = preSolution
		HideSolutionNode = FALSE
	EndGlobalSection
EndGlobal
