
Microsoft Visual Studio Solution File, Format Version 11.00
# Visual Studio 2010
Project("{FAE04EC0-301F-11D3-BF4B-00C04F79EFBC}") = "PSTPasswordTest", "PSTPasswordTest\PSTPasswordTest.csproj", "{ABC1FAE8-94DF-4750-92A7-6A0DC98B1C09}"
EndProject
Global
	GlobalSection(SolutionConfigurationPlatforms) = preSolution
		Debug|x86 = Debug|x86
		Release|x86 = Release|x86
	EndGlobalSection
	GlobalSection(ProjectConfigurationPlatforms) = postSolution
		{ABC1FAE8-94DF-4750-92A7-6A0DC98B1C09}.Debug|x86.ActiveCfg = Debug|x86
		{ABC1FAE8-94DF-4750-92A7-6A0DC98B1C09}.Debug|x86.Build.0 = Debug|x86
		{ABC1FAE8-94DF-4750-92A7-6A0DC98B1C09}.Release|x86.ActiveCfg = Release|x86
		{ABC1FAE8-94DF-4750-92A7-6A0DC98B1C09}.Release|x86.Build.0 = Release|x86
	EndGlobalSection
	GlobalSection(SolutionProperties) = preSolution
		HideSolutionNode = FALSE
	EndGlobalSection
EndGlobal
