
Microsoft Visual Studio Solution File, Format Version 11.00
# Visual Studio 2010
Project("{FAE04EC0-301F-11D3-BF4B-00C04F79EFBC}") = "XMLParser", "XMLParser\XMLParser.csproj", "{FB96DB9E-5183-43BF-B00E-B11008F35FBB}"
EndProject
Global
	GlobalSection(SolutionConfigurationPlatforms) = preSolution
		Debug|Any CPU = Debug|Any CPU
		Release|Any CPU = Release|Any CPU
	EndGlobalSection
	GlobalSection(ProjectConfigurationPlatforms) = postSolution
		{FB96DB9E-5183-43BF-B00E-B11008F35FBB}.Debug|Any CPU.ActiveCfg = Debug|Any CPU
		{FB96DB9E-5183-43BF-B00E-B11008F35FBB}.Debug|Any CPU.Build.0 = Debug|Any CPU
		{FB96DB9E-5183-43BF-B00E-B11008F35FBB}.Release|Any CPU.ActiveCfg = Release|Any CPU
		{FB96DB9E-5183-43BF-B00E-B11008F35FBB}.Release|Any CPU.Build.0 = Release|Any CPU
	EndGlobalSection
	GlobalSection(SolutionProperties) = preSolution
		HideSolutionNode = FALSE
	EndGlobalSection
EndGlobal
